
Microsoft Visual Studio Solution File, Format Version 12.00
# Visual Studio Version 17
VisualStudioVersion = 17.11.35303.130
MinimumVisualStudioVersion = 10.0.40219.1
Project("{FAE04EC0-301F-11D3-BF4B-00C04F79EFBC}") = "QLSanBong_API", "QLSanBong_API.csproj", "{7B575031-07E4-4976-92F3-863192A4A76B}"
EndProject
Global
	GlobalSection(SolutionConfigurationPlatforms) = preSolution
		Debug|Any CPU = Debug|Any CPU
		Release|Any CPU = Release|Any CPU
	EndGlobalSection
	GlobalSection(ProjectConfigurationPlatforms) = postSolution
		{7B575031-07E4-4976-92F3-863192A4A76B}.Debug|Any CPU.ActiveCfg = Debug|Any CPU
		{7B575031-07E4-4976-92F3-863192A4A76B}.Debug|Any CPU.Build.0 = Debug|Any CPU
		{7B575031-07E4-4976-92F3-863192A4A76B}.Release|Any CPU.ActiveCfg = Release|Any CPU
		{7B575031-07E4-4976-92F3-863192A4A76B}.Release|Any CPU.Build.0 = Release|Any CPU
	EndGlobalSection
	GlobalSection(SolutionProperties) = preSolution
		HideSolutionNode = FALSE
	EndGlobalSection
	GlobalSection(ExtensibilityGlobals) = postSolution
		SolutionGuid = {2EDDF80A-8211-4CF1-9FB8-56EBB59FE9D9}
	EndGlobalSection
EndGlobal
